
Microsoft Visual Studio Solution File, Format Version 12.00
# Visual Studio Version 18
VisualStudioVersion = 18.0.11123.170 d18.0
MinimumVisualStudioVersion = 10.0.40219.1
Project("{2150E333-8FDC-42A3-9474-1A3956D46DE8}") = "Solution Items", "Solution Items", "{D64138DA-9A70-4347-960F-71F7272DDCFD}"
	ProjectSection(SolutionItems) = preProject
		.editorconfig = .editorconfig
		.gitignore = .gitignore
		.github\workflows\build-test.yml = .github\workflows\build-test.yml
		Directory.Build.props = Directory.Build.props
		README.ja.md = README.ja.md
		README.md = README.md
	EndProjectSection
EndProject
Project("{9A19103F-16F7-4668-BE54-9A1E7A4F7556}") = "SlnMerge.Tests", "test\SlnMerge.Tests\SlnMerge.Tests.csproj", "{1A8620AC-20FD-43C8-9760-8E75AF512876}"
EndProject
Project("{FAE04EC0-301F-11D3-BF4B-00C04F79EFBC}") = "SlnMerge.Core", "src\SlnMerge.Core.csproj", "{07AADB83-223A-3BCE-2C52-9A38613F49DE}"
EndProject
Global
	GlobalSection(SolutionConfigurationPlatforms) = preSolution
		Debug|Any CPU = Debug|Any CPU
		Release|Any CPU = Release|Any CPU
	EndGlobalSection
	GlobalSection(ProjectConfigurationPlatforms) = postSolution
		{1A8620AC-20FD-43C8-9760-8E75AF512876}.Debug|Any CPU.ActiveCfg = Debug|Any CPU
		{1A8620AC-20FD-43C8-9760-8E75AF512876}.Debug|Any CPU.Build.0 = Debug|Any CPU
		{1A8620AC-20FD-43C8-9760-8E75AF512876}.Release|Any CPU.ActiveCfg = Release|Any CPU
		{1A8620AC-20FD-43C8-9760-8E75AF512876}.Release|Any CPU.Build.0 = Release|Any CPU
		{07AADB83-223A-3BCE-2C52-9A38613F49DE}.Debug|Any CPU.ActiveCfg = Debug|Any CPU
		{07AADB83-223A-3BCE-2C52-9A38613F49DE}.Debug|Any CPU.Build.0 = Debug|Any CPU
		{07AADB83-223A-3BCE-2C52-9A38613F49DE}.Release|Any CPU.ActiveCfg = Release|Any CPU
		{07AADB83-223A-3BCE-2C52-9A38613F49DE}.Release|Any CPU.Build.0 = Release|Any CPU
	EndGlobalSection
	GlobalSection(SolutionProperties) = preSolution
		HideSolutionNode = FALSE
	EndGlobalSection
	GlobalSection(ExtensibilityGlobals) = postSolution
		SolutionGuid = {113DA531-1F3E-47EB-9239-432F31680089}
	EndGlobalSection
EndGlobal
